<?xml version="1.0" encoding="utf-8"?>
<Project ToolsVersion="4.0" xmlns="http://schemas.microsoft.com/developer/msbuild/2003">
  <ItemGroup>
    <Filter Include="Source Files">
      <UniqueIdentifier>{4FC737F1-C7A5-4376-A066-2A32D752A2FF}</UniqueIdentifier>
      <Extensions>cpp;c;cc;cxx;def;odl;idl;hpj;bat;asm;asmx</Extensions>
    </Filter>
    <Filter Include="Header Files">
      <UniqueIdentifier>{93995380-89BD-4b04-88EB-625FBE52EBFB}</UniqueIdentifier>
      <Extensions>h;hh;hpp;hxx;hm;inl;inc;ipp;xsd</Extensions>
    </Filter>
    <Filter Include="Resource Files">
      <UniqueIdentifier>{67DA6AB6-F800-4c08-8B7A-83BB121AAD01}</UniqueIdentifier>
      <Extensions>rc;ico;cur;bmp;dlg;rc2;rct;bin;rgs;gif;jpg;jpeg;jpe;resx;tiff;tif;png;wav;mfcribbon-ms</Extensions>
    </Filter>
    <Filter Include="Header Files\ArrayQueue">
      <UniqueIdentifier>{c86e3a10-db45-457e-a7f9-805275c1be84}</UniqueIdentifier>
    </Filter>
    <Filter Include="Source Files\ArrayQueue">
      <UniqueIdentifier>{f5e77fb1-8ada-4655-b5d1-355fee73ce6f}</UniqueIdentifier>
    </Filter>
  </ItemGroup>
  <ItemGroup>
    <ClInclude Include="ArrayQueue.h">
      <Filter>Header Files\ArrayQueue</Filter>
    </ClInclude>
    <ClInclude Include="PrecondViolatedExcep.h">
      <Filter>Header Files\ArrayQueue</Filter>
    </ClInclude>
    <ClInclude Include="QueueInterface.h">
      <Filter>Header Files\ArrayQueue</Filter>
    </ClInclude>
  </ItemGroup>
  <ItemGroup>
    <ClCompile Include="mainList.cpp">
      <Filter>Source Files</Filter>
    </ClCompile>
    <ClCompile Include="ArrayQueue.cpp">
      <Filter>Source Files\ArrayQueue</Filter>
    </ClCompile>
    <ClCompile Include="PrecondViolatedExcep.cpp">
      <Filter>Source Files\ArrayQueue</Filter>
    </ClCompile>
  </ItemGroup>
</Project>