
Microsoft Visual Studio Solution File, Format Version 12.00
# Visual Studio Version 16
VisualStudioVersion = 16.0.29326.143
MinimumVisualStudioVersion = 10.0.40219.1
Project("{8BC9CEB8-8B4A-11D0-8D11-00A0C91BC942}") = "Highest and Lower", "Template\Template.vcxproj", "{8102506B-81A2-4AC5-B8B1-4218EFD7A9DE}"
EndProject
Project("{8BC9CEB8-8B4A-11D0-8D11-00A0C91BC942}") = "Valor Absoluto", "Valor Absoluto\Valor Absoluto.vcxproj", "{9F086BD5-0DF5-4CCA-AE66-92A876D004E0}"
EndProject
Global
	GlobalSection(SolutionConfigurationPlatforms) = preSolution
		Debug|x64 = Debug|x64
		Debug|x86 = Debug|x86
		Release|x64 = Release|x64
		Release|x86 = Release|x86
	EndGlobalSection
	GlobalSection(ProjectConfigurationPlatforms) = postSolution
		{8102506B-81A2-4AC5-B8B1-4218EFD7A9DE}.Debug|x64.ActiveCfg = Debug|x64
		{8102506B-81A2-4AC5-B8B1-4218EFD7A9DE}.Debug|x64.Build.0 = Debug|x64
		{8102506B-81A2-4AC5-B8B1-4218EFD7A9DE}.Debug|x86.ActiveCfg = Debug|Win32
		{8102506B-81A2-4AC5-B8B1-4218EFD7A9DE}.Debug|x86.Build.0 = Debug|Win32
		{8102506B-81A2-4AC5-B8B1-4218EFD7A9DE}.Release|x64.ActiveCfg = Release|x64
		{8102506B-81A2-4AC5-B8B1-4218EFD7A9DE}.Release|x64.Build.0 = Release|x64
		{8102506B-81A2-4AC5-B8B1-4218EFD7A9DE}.Release|x86.ActiveCfg = Release|Win32
		{8102506B-81A2-4AC5-B8B1-4218EFD7A9DE}.Release|x86.Build.0 = Release|Win32
		{9F086BD5-0DF5-4CCA-AE66-92A876D004E0}.Debug|x64.ActiveCfg = Debug|x64
		{9F086BD5-0DF5-4CCA-AE66-92A876D004E0}.Debug|x64.Build.0 = Debug|x64
		{9F086BD5-0DF5-4CCA-AE66-92A876D004E0}.Debug|x86.ActiveCfg = Debug|Win32
		{9F086BD5-0DF5-4CCA-AE66-92A876D004E0}.Debug|x86.Build.0 = Debug|Win32
		{9F086BD5-0DF5-4CCA-AE66-92A876D004E0}.Release|x64.ActiveCfg = Release|x64
		{9F086BD5-0DF5-4CCA-AE66-92A876D004E0}.Release|x64.Build.0 = Release|x64
		{9F086BD5-0DF5-4CCA-AE66-92A876D004E0}.Release|x86.ActiveCfg = Release|Win32
		{9F086BD5-0DF5-4CCA-AE66-92A876D004E0}.Release|x86.Build.0 = Release|Win32
	EndGlobalSection
	GlobalSection(SolutionProperties) = preSolution
		HideSolutionNode = FALSE
	EndGlobalSection
	GlobalSection(ExtensibilityGlobals) = postSolution
		SolutionGuid = {D44C32DD-CC1D-42ED-B9A1-C6F92210B986}
	EndGlobalSection
EndGlobal
