<?xml version="1.0" encoding="utf-8"?>
<Project ToolsVersion="4.0" xmlns="http://schemas.microsoft.com/developer/msbuild/2003">
  <ItemGroup>
    <Filter Include="Source Files">
      <UniqueIdentifier>{4FC737F1-C7A5-4376-A066-2A32D752A2FF}</UniqueIdentifier>
      <Extensions>cpp;c;cc;cxx;def;odl;idl;hpj;bat;asm;asmx</Extensions>
    </Filter>
    <Filter Include="Header Files">
      <UniqueIdentifier>{93995380-89BD-4b04-88EB-625FBE52EBFB}</UniqueIdentifier>
      <Extensions>h;hh;hpp;hxx;hm;inl;inc;ipp;xsd</Extensions>
    </Filter>
    <Filter Include="Resource Files">
      <UniqueIdentifier>{67DA6AB6-F800-4c08-8B7A-83BB121AAD01}</UniqueIdentifier>
      <Extensions>rc;ico;cur;bmp;dlg;rc2;rct;bin;rgs;gif;jpg;jpeg;jpe;resx;tiff;tif;png;wav;mfcribbon-ms</Extensions>
    </Filter>
    <Filter Include="Source Files\ThreeDimensional Shapes">
      <UniqueIdentifier>{2e94d39b-fcaf-42e6-9104-dfbad63a40b5}</UniqueIdentifier>
    </Filter>
    <Filter Include="Header Files\TwoDimensional Shapes">
      <UniqueIdentifier>{743454d0-a55c-46b9-87c3-91b4a043799d}</UniqueIdentifier>
    </Filter>
    <Filter Include="Header Files\ThreeDimensional Shapes">
      <UniqueIdentifier>{63201992-d652-4666-b1e9-0169a466a63b}</UniqueIdentifier>
    </Filter>
    <Filter Include="Source Files\TwoDimensional Shapes">
      <UniqueIdentifier>{3bafc1fc-d84c-43bf-85c5-ed30dda0f39d}</UniqueIdentifier>
    </Filter>
  </ItemGroup>
  <ItemGroup>
    <ClCompile Include="TwoDimensional.cpp">
      <Filter>Source Files</Filter>
    </ClCompile>
    <ClCompile Include="ThreeDimensional.cpp">
      <Filter>Source Files</Filter>
    </ClCompile>
    <ClCompile Include="Cube.cpp">
      <Filter>Source Files\ThreeDimensional Shapes</Filter>
    </ClCompile>
    <ClCompile Include="Circle.cpp">
      <Filter>Source Files\TwoDimensional Shapes</Filter>
    </ClCompile>
    <ClCompile Include="Rectangle.cpp">
      <Filter>Source Files\TwoDimensional Shapes</Filter>
    </ClCompile>
    <ClCompile Include="Triangle.cpp">
      <Filter>Source Files\TwoDimensional Shapes</Filter>
    </ClCompile>
    <ClCompile Include="Sphere.cpp">
      <Filter>Source Files\ThreeDimensional Shapes</Filter>
    </ClCompile>
    <ClCompile Include="Shape.cpp">
      <Filter>Source Files</Filter>
    </ClCompile>
    <ClCompile Include="main.cpp">
      <Filter>Source Files</Filter>
    </ClCompile>
    <ClCompile Include="Tetrahedron.cpp">
      <Filter>Source Files\ThreeDimensional Shapes</Filter>
    </ClCompile>
  </ItemGroup>
  <ItemGroup>
    <ClInclude Include="Shape.h">
      <Filter>Header Files</Filter>
    </ClInclude>
    <ClInclude Include="TwoDimensional.h">
      <Filter>Header Files</Filter>
    </ClInclude>
    <ClInclude Include="ThreeDimensional.h">
      <Filter>Header Files</Filter>
    </ClInclude>
    <ClInclude Include="Circle.h">
      <Filter>Header Files\TwoDimensional Shapes</Filter>
    </ClInclude>
    <ClInclude Include="Rectangle.h">
      <Filter>Header Files\TwoDimensional Shapes</Filter>
    </ClInclude>
    <ClInclude Include="Triangle.h">
      <Filter>Header Files\TwoDimensional Shapes</Filter>
    </ClInclude>
    <ClInclude Include="Cube.h">
      <Filter>Header Files\ThreeDimensional Shapes</Filter>
    </ClInclude>
    <ClInclude Include="Sphere.h">
      <Filter>Header Files\ThreeDimensional Shapes</Filter>
    </ClInclude>
    <ClInclude Include="Tetrahedron.h">
      <Filter>Header Files\ThreeDimensional Shapes</Filter>
    </ClInclude>
  </ItemGroup>
</Project>